<?xml version="1.0" encoding="utf-8"?>
<Project ToolsVersion="4.0" xmlns="http://schemas.microsoft.com/developer/msbuild/2003">
  <ItemGroup>
    <FxCompile Include="AnimPixel.hlsl" />
    <FxCompile Include="AnimVertex.hlsl" />
    <FxCompile Include="BasicVertex.hlsl" />
    <FxCompile Include="BasicPixel.hlsl" />
    <FxCompile Include="LineVertex.hlsl" />
    <FxCompile Include="LinePixel.hlsl" />

    <FxCompile Include="SkyPixel.hlsl" />
    <FxCompile Include="SkyVertex.hlsl" />
    <FxCompile Include="BombShader.hlsl" />
    <FxCompile Include="BombPShader.hlsl" />
  </ItemGroup>
  <ItemGroup>
    <ClCompile Include="..\Gateware\Source\G_Audio\GAudio.cpp" />
    <ClCompile Include="..\Gateware\Source\G_Graphics\GDirectX11Surface.cpp" />
    <ClCompile Include="..\Gateware\Source\G_System\GController.cpp" />
    <ClCompile Include="..\Gateware\Source\G_System\GFile.cpp" />
    <ClCompile Include="..\Gateware\Source\G_System\GInput.cpp" />
    <ClCompile Include="..\Gateware\Source\G_System\GI_Callback.cpp" />
    <ClCompile Include="..\Gateware\Source\G_System\GI_Static.cpp" />
    <ClCompile Include="..\Gateware\Source\G_System\GLog.cpp" />
    <ClCompile Include="..\Gateware\Source\G_System\GWindow.cpp" />
    <ClCompile Include="CBomb.cpp" />
    <ClCompile Include="CEntityManager.cpp" />
    <ClCompile Include="CItem.cpp" />
    <ClCompile Include="CObject.cpp" />
    <ClCompile Include="Component.cpp" />
    <ClCompile Include="CPlayer.cpp" />
    <ClCompile Include="DirectXData.cpp" />
    <ClCompile Include="CGame.cpp" />
    <ClCompile Include="main.cpp" />
    <ClCompile Include="CRendererManager.cpp" />
    <ClCompile Include="Utilities.cpp" />
    <ClCompile Include="WICTextureLoader.cpp" />
    <ClCompile Include="DDSTextureLoader.cpp" />
  </ItemGroup>
  <ItemGroup>
    <ClInclude Include="CBomb.h" />
    <ClInclude Include="CEntityManager.h" />
    <ClInclude Include="CItem.h" />
    <ClInclude Include="CharacterController.h" />
    <ClInclude Include="Component.h" />
    <ClInclude Include="CPlayer.h" />
    <ClInclude Include="DirectXData.h" />
    <ClInclude Include="CGame.h" />
    <ClInclude Include="CObject.h" />
    <ClInclude Include="CRendererManager.h" />
    <ClInclude Include="pools.h" />
    <ClInclude Include="ConstDefines.h" />
    <ClInclude Include="SharedDefines.h" />
    <ClInclude Include="TObjectTemplate.h" />
    <ClInclude Include="Utilities.h" />
    <ClInclude Include="WICTextureLoader.h" />
    <ClInclude Include="DDSTextureLoader.h" />
  </ItemGroup>
</Project>