<?xml version="1.0" encoding="utf-8"?>
<Project ToolsVersion="4.0" xmlns="http://schemas.microsoft.com/developer/msbuild/2003">
  <ItemGroup>
    <FxCompile Include="BasicPixel.hlsl">
      <Filter>Shaders</Filter>
    </FxCompile>
    <FxCompile Include="BasicVertex.hlsl">
      <Filter>Shaders</Filter>
    </FxCompile>
  </ItemGroup>
  <ItemGroup>
    <ClCompile Include="CEntityManager.cpp">
      <Filter>Source</Filter>
    </ClCompile>
    <ClCompile Include="CGame.cpp">
      <Filter>Source</Filter>
    </ClCompile>
    <ClCompile Include="CObject.cpp">
      <Filter>Source</Filter>
    </ClCompile>
    <ClCompile Include="Component.cpp">
      <Filter>Source</Filter>
    </ClCompile>
    <ClCompile Include="CRendererManager.cpp">
      <Filter>Source</Filter>
    </ClCompile>
    <ClCompile Include="DirectXData.cpp">
      <Filter>Source</Filter>
    </ClCompile>
    <ClCompile Include="main.cpp">
      <Filter>Source</Filter>
    </ClCompile>
    <ClCompile Include="Utilities.cpp">
      <Filter>Source</Filter>
    </ClCompile>
    <ClCompile Include="WICTextureLoader.cpp">
      <Filter>Source</Filter>
    </ClCompile>
    <ClCompile Include="..\Gateware\Source\G_Audio\GAudio.cpp">
      <Filter>Gateware</Filter>
    </ClCompile>
    <ClCompile Include="..\Gateware\Source\G_Graphics\GDirectX11Surface.cpp">
      <Filter>Gateware</Filter>
    </ClCompile>
    <ClCompile Include="..\Gateware\Source\G_System\GFile.cpp">
      <Filter>Gateware</Filter>
    </ClCompile>
    <ClCompile Include="..\Gateware\Source\G_System\GI_Callback.cpp">
      <Filter>Gateware</Filter>
    </ClCompile>
    <ClCompile Include="..\Gateware\Source\G_System\GI_Static.cpp">
      <Filter>Gateware</Filter>
    </ClCompile>
    <ClCompile Include="..\Gateware\Source\G_System\GInput.cpp">
      <Filter>Gateware</Filter>
    </ClCompile>
    <ClCompile Include="..\Gateware\Source\G_System\GLog.cpp">
      <Filter>Gateware</Filter>
    </ClCompile>
    <ClCompile Include="..\Gateware\Source\G_System\GWindow.cpp">
      <Filter>Gateware</Filter>
    </ClCompile>
  </ItemGroup>
  <ItemGroup>
    <ClInclude Include="CGame.h">
      <Filter>Headers</Filter>
    </ClInclude>
    <ClInclude Include="CObject.h">
      <Filter>Headers</Filter>
    </ClInclude>
    <ClInclude Include="Component.h">
      <Filter>Headers</Filter>
    </ClInclude>
    <ClInclude Include="CRendererManager.h">
      <Filter>Headers</Filter>
    </ClInclude>
    <ClInclude Include="DirectXData.h">
      <Filter>Headers</Filter>
    </ClInclude>
    <ClInclude Include="TObjectTemplate.h">
      <Filter>Headers</Filter>
    </ClInclude>
    <ClInclude Include="Utilities.h">
      <Filter>Headers</Filter>
    </ClInclude>
    <ClInclude Include="WICTextureLoader.h">
      <Filter>Headers</Filter>
    </ClInclude>
    <ClInclude Include="CEntityManager.h">
      <Filter>Headers</Filter>
    </ClInclude>
  </ItemGroup>
  <ItemGroup>
    <Filter Include="Headers">
      <UniqueIdentifier>{0220ba84-0b6d-4ba6-9c15-e93f74ba9716}</UniqueIdentifier>
    </Filter>
    <Filter Include="Gateware">
      <UniqueIdentifier>{e99c62a9-d121-4ecd-a826-f30fa50000f4}</UniqueIdentifier>
    </Filter>
    <Filter Include="Source">
      <UniqueIdentifier>{0c4da57b-c9c5-40f3-8b7e-1ed30bbadf87}</UniqueIdentifier>
    </Filter>
    <Filter Include="Shaders">
      <UniqueIdentifier>{1d7c6fe6-4a8e-4c53-89e4-ca90bbd22fca}</UniqueIdentifier>
    </Filter>
  </ItemGroup>
</Project>